// !$*UTF8*$!
{
	archiveVersion = 1;
	classes = {
	};
	objectVersion = 77;
	objects = {

/* Begin PBXBuildFile section */
		33BAE24E2D899632005EEA83 /* RealityKitContent in Frameworks */ = {isa = PBXBuildFile; productRef = 33BAE24D2D899632005EEA83 /* RealityKitContent */; };
/* End PBXBuildFile section */

/* Begin PBXContainerItemProxy section */
		33BAE25E2D899633005EEA83 /* PBXContainerItemProxy */ = {
			isa = PBXContainerItemProxy;
			containerPortal = 33BAE2402D899632005EEA83 /* Project object */;
			proxyType = 1;
			remoteGlobalIDString = 33BAE2472D899632005EEA83;
			remoteInfo = "Phonaze-v1.1";
		};
/* End PBXContainerItemProxy section */

/* Begin PBXFileReference section */
		33BAE2482D899632005EEA83 /* Phonaze-v1.1.app */ = {isa = PBXFileReference; explicitFileType = wrapper.application; includeInIndex = 0; path = "Phonaze-v1.1.app"; sourceTree = BUILT_PRODUCTS_DIR; };
		33BAE24C2D899632005EEA83 /* RealityKitContent */ = {isa = PBXFileReference; lastKnownFileType = wrapper; path = RealityKitContent; sourceTree = "<group>"; };
		33BAE25D2D899633005EEA83 /* Phonaze-v1.1Tests.xctest */ = {isa = PBXFileReference; explicitFileType = wrapper.cfbundle; includeInIndex = 0; path = "Phonaze-v1.1Tests.xctest"; sourceTree = BUILT_PRODUCTS_DIR; };
/* End PBXFileReference section */

/* Begin PBXFileSystemSynchronizedBuildFileExceptionSet section */
		33BAE2632D899633005EEA83 /* Exceptions for "Phonaze-v1.1" folder in "Phonaze-v1.1" target */ = {
			isa = PBXFileSystemSynchronizedBuildFileExceptionSet;
			membershipExceptions = (
				Info.plist,
			);
			target = 33BAE2472D899632005EEA83 /* Phonaze-v1.1 */;
		};
/* End PBXFileSystemSynchronizedBuildFileExceptionSet section */

/* Begin PBXFileSystemSynchronizedRootGroup section */
		33BAE24A2D899632005EEA83 /* Phonaze-v1.1 */ = {
			isa = PBXFileSystemSynchronizedRootGroup;
			exceptions = (
				33BAE2632D899633005EEA83 /* Exceptions for "Phonaze-v1.1" folder in "Phonaze-v1.1" target */,
			);
			path = "Phonaze-v1.1";
			sourceTree = "<group>";
		};
		33BAE2602D899633005EEA83 /* Phonaze-v1.1Tests */ = {
			isa = PBXFileSystemSynchronizedRootGroup;
			path = "Phonaze-v1.1Tests";
			sourceTree = "<group>";
		};
/* End PBXFileSystemSynchronizedRootGroup section */

/* Begin PBXFrameworksBuildPhase section */
		33BAE2452D899632005EEA83 /* Frameworks */ = {
			isa = PBXFrameworksBuildPhase;
			buildActionMask = 2147483647;
			files = (
				33BAE24E2D899632005EEA83 /* RealityKitContent in Frameworks */,
			);
			runOnlyForDeploymentPostprocessing = 0;
		};
		33BAE25A2D899633005EEA83 /* Frameworks */ = {
			isa = PBXFrameworksBuildPhase;
			buildActionMask = 2147483647;
			files = (
			);
			runOnlyForDeploymentPostprocessing = 0;
		};
/* End PBXFrameworksBuildPhase section */

/* Begin PBXGroup section */
		33BAE23F2D899632005EEA83 = {
			isa = PBXGroup;
			children = (
				33BAE24A2D899632005EEA83 /* Phonaze-v1.1 */,
				33BAE24B2D899632005EEA83 /* Packages */,
				33BAE2602D899633005EEA83 /* Phonaze-v1.1Tests */,
				33BAE2492D899632005EEA83 /* Products */,
			);
			sourceTree = "<group>";
		};
		33BAE2492D899632005EEA83 /* Products */ = {
			isa = PBXGroup;
			children = (
				33BAE2482D899632005EEA83 /* Phonaze-v1.1.app */,
				33BAE25D2D899633005EEA83 /* Phonaze-v1.1Tests.xctest */,
			);
			name = Products;
			sourceTree = "<group>";
		};
		33BAE24B2D899632005EEA83 /* Packages */ = {
			isa = PBXGroup;
			children = (
				33BAE24C2D899632005EEA83 /* RealityKitContent */,
			);
			path = Packages;
			sourceTree = "<group>";
		};
/* End PBXGroup section */

/* Begin PBXNativeTarget section */
		33BAE2472D899632005EEA83 /* Phonaze-v1.1 */ = {
			isa = PBXNativeTarget;
			buildConfigurationList = 33BAE2642D899633005EEA83 /* Build configuration list for PBXNativeTarget "Phonaze-v1.1" */;
			buildPhases = (
				33BAE2442D899632005EEA83 /* Sources */,
				33BAE2452D899632005EEA83 /* Frameworks */,
				33BAE2462D899632005EEA83 /* Resources */,
			);
			buildRules = (
			);
			dependencies = (
			);
			fileSystemSynchronizedGroups = (
				33BAE24A2D899632005EEA83 /* Phonaze-v1.1 */,
			);
			name = "Phonaze-v1.1";
			packageProductDependencies = (
				33BAE24D2D899632005EEA83 /* RealityKitContent */,
			);
			productName = "Phonaze-v1.1";
			productReference = 33BAE2482D899632005EEA83 /* Phonaze-v1.1.app */;
			productType = "com.apple.product-type.application";
		};
		33BAE25C2D899633005EEA83 /* Phonaze-v1.1Tests */ = {
			isa = PBXNativeTarget;
			buildConfigurationList = 33BAE2692D899633005EEA83 /* Build configuration list for PBXNativeTarget "Phonaze-v1.1Tests" */;
			buildPhases = (
				33BAE2592D899633005EEA83 /* Sources */,
				33BAE25A2D899633005EEA83 /* Frameworks */,
				33BAE25B2D899633005EEA83 /* Resources */,
			);
			buildRules = (
			);
			dependencies = (
				33BAE25F2D899633005EEA83 /* PBXTargetDependency */,
			);
			fileSystemSynchronizedGroups = (
				33BAE2602D899633005EEA83 /* Phonaze-v1.1Tests */,
			);
			name = "Phonaze-v1.1Tests";
			packageProductDependencies = (
			);
			productName = "Phonaze-v1.1Tests";
			productReference = 33BAE25D2D899633005EEA83 /* Phonaze-v1.1Tests.xctest */;
			productType = "com.apple.product-type.bundle.unit-test";
		};
/* End PBXNativeTarget section */

/* Begin PBXProject section */
		33BAE2402D899632005EEA83 /* Project object */ = {
			isa = PBXProject;
			attributes = {
				BuildIndependentTargetsInParallel = 1;
				LastSwiftUpdateCheck = 1620;
				LastUpgradeCheck = 1620;
				TargetAttributes = {
					33BAE2472D899632005EEA83 = {
						CreatedOnToolsVersion = 16.2;
					};
					33BAE25C2D899633005EEA83 = {
						CreatedOnToolsVersion = 16.2;
						TestTargetID = 33BAE2472D899632005EEA83;
					};
				};
			};
			buildConfigurationList = 33BAE2432D899632005EEA83 /* Build configuration list for PBXProject "Phonaze-v1.1" */;
			developmentRegion = en;
			hasScannedForEncodings = 0;
			knownRegions = (
				en,
				Base,
			);
			mainGroup = 33BAE23F2D899632005EEA83;
			minimizedProjectReferenceProxies = 1;
			preferredProjectObjectVersion = 77;
			productRefGroup = 33BAE2492D899632005EEA83 /* Products */;
			projectDirPath = "";
			projectRoot = "";
			targets = (
				33BAE2472D899632005EEA83 /* Phonaze-v1.1 */,
				33BAE25C2D899633005EEA83 /* Phonaze-v1.1Tests */,
			);
		};
/* End PBXProject section */

/* Begin PBXResourcesBuildPhase section */
		33BAE2462D899632005EEA83 /* Resources */ = {
			isa = PBXResourcesBuildPhase;
			buildActionMask = 2147483647;
			files = (
			);
			runOnlyForDeploymentPostprocessing = 0;
		};
		33BAE25B2D899633005EEA83 /* Resources */ = {
			isa = PBXResourcesBuildPhase;
			buildActionMask = 2147483647;
			files = (
			);
			runOnlyForDeploymentPostprocessing = 0;
		};
/* End PBXResourcesBuildPhase section */

/* Begin PBXSourcesBuildPhase section */
		33BAE2442D899632005EEA83 /* Sources */ = {
			isa = PBXSourcesBuildPhase;
			buildActionMask = 2147483647;
			files = (
			);
			runOnlyForDeploymentPostprocessing = 0;
		};
		33BAE2592D899633005EEA83 /* Sources */ = {
			isa = PBXSourcesBuildPhase;
			buildActionMask = 2147483647;
			files = (
			);
			runOnlyForDeploymentPostprocessing = 0;
		};
/* End PBXSourcesBuildPhase section */

/* Begin PBXTargetDependency section */
		33BAE25F2D899633005EEA83 /* PBXTargetDependency */ = {
			isa = PBXTargetDependency;
			target = 33BAE2472D899632005EEA83 /* Phonaze-v1.1 */;
			targetProxy = 33BAE25E2D899633005EEA83 /* PBXContainerItemProxy */;
		};
/* End PBXTargetDependency section */

/* Begin XCBuildConfiguration section */
		33BAE2652D899633005EEA83 /* Debug */ = {
			isa = XCBuildConfiguration;
			buildSettings = {
				ASSETCATALOG_COMPILER_APPICON_NAME = AppIcon;
				ASSETCATALOG_COMPILER_GLOBAL_ACCENT_COLOR_NAME = AccentColor;
				ASSETCATALOG_COMPILER_INCLUDE_ALL_APPICON_ASSETS = YES;
				CODE_SIGN_STYLE = Automatic;
				CURRENT_PROJECT_VERSION = 1;
				DEVELOPMENT_ASSET_PATHS = "\"Phonaze-v1.1/Preview Content\"";
				DEVELOPMENT_TEAM = H7SJ9FJPVA;
				ENABLE_PREVIEWS = YES;
				GENERATE_INFOPLIST_FILE = YES;
				INFOPLIST_FILE = "$(TARGET_NAME)/Info.plist";
				LD_RUNPATH_SEARCH_PATHS = (
					"$(inherited)",
					"@executable_path/Frameworks",
				);
				MARKETING_VERSION = 1.0;
				PRODUCT_BUNDLE_IDENTIFIER = "DB111Phonaze.Phonaze-v1-1";
				PRODUCT_NAME = "$(TARGET_NAME)";
				SUPPORTED_PLATFORMS = "xros xrsimulator";
				SWIFT_EMIT_LOC_STRINGS = YES;
				SWIFT_VERSION = 5.0;
				TARGETED_DEVICE_FAMILY = 7;
			};
			name = Debug;
		};
		33BAE2662D899633005EEA83 /* Release */ = {
			isa = XCBuildConfiguration;
			buildSettings = {
				ASSETCATALOG_COMPILER_APPICON_NAME = AppIcon;
				ASSETCATALOG_COMPILER_GLOBAL_ACCENT_COLOR_NAME = AccentColor;
				ASSETCATALOG_COMPILER_INCLUDE_ALL_APPICON_ASSETS = YES;
				CODE_SIGN_STYLE = Automatic;
				CURRENT_PROJECT_VERSION = 1;
				DEVELOPMENT_ASSET_PATHS = "\"Phonaze-v1.1/Preview Content\"";
				DEVELOPMENT_TEAM = H7SJ9FJPVA;
				ENABLE_PREVIEWS = YES;
				GENERATE_INFOPLIST_FILE = YES;
				INFOPLIST_FILE = "$(TARGET_NAME)/Info.plist";
				LD_RUNPATH_SEARCH_PATHS = (
					"$(inherited)",
					"@executable_path/Frameworks",
				);
				MARKETING_VERSION = 1.0;
				PRODUCT_BUNDLE_IDENTIFIER = "DB111Phonaze.Phonaze-v1-1";
				PRODUCT_NAME = "$(TARGET_NAME)";
				SUPPORTED_PLATFORMS = "xros xrsimulator";
				SWIFT_EMIT_LOC_STRINGS = YES;
				SWIFT_VERSION = 5.0;
				TARGETED_DEVICE_FAMILY = 7;
			};
			name = Release;
		};
		33BAE2672D899633005EEA83 /* Debug */ = {
			isa = XCBuildConfiguration;
			buildSettings = {
				ALWAYS_SEARCH_USER_PATHS = NO;
				ASSETCATALOG_COMPILER_GENERATE_SWIFT_ASSET_SYMBOL_EXTENSIONS = YES;
				CLANG_ANALYZER_NONNULL = YES;
				CLANG_ANALYZER_NUMBER_OBJECT_CONVERSION = YES_AGGRESSIVE;
				CLANG_CXX_LANGUAGE_STANDARD = "gnu++20";
				CLANG_ENABLE_MODULES = YES;
				CLANG_ENABLE_OBJC_ARC = YES;
				CLANG_ENABLE_OBJC_WEAK = YES;
				CLANG_WARN_BLOCK_CAPTURE_AUTORELEASING = YES;
				CLANG_WARN_BOOL_CONVERSION = YES;
				CLANG_WARN_COMMA = YES;
				CLANG_WARN_CONSTANT_CONVERSION = YES;
				CLANG_WARN_DEPRECATED_OBJC_IMPLEMENTATIONS = YES;
				CLANG_WARN_DIRECT_OBJC_ISA_USAGE = YES_ERROR;
				CLANG_WARN_DOCUMENTATION_COMMENTS = YES;
				CLANG_WARN_EMPTY_BODY = YES;
				CLANG_WARN_ENUM_CONVERSION = YES;
				CLANG_WARN_INFINITE_RECURSION = YES;
				CLANG_WARN_INT_CONVERSION = YES;
				CLANG_WARN_NON_LITERAL_NULL_CONVERSION = YES;
				CLANG_WARN_OBJC_IMPLICIT_RETAIN_SELF = YES;
				CLANG_WARN_OBJC_LITERAL_CONVERSION = YES;
				CLANG_WARN_OBJC_ROOT_CLASS = YES_ERROR;
				CLANG_WARN_QUOTED_INCLUDE_IN_FRAMEWORK_HEADER = YES;
				CLANG_WARN_RANGE_LOOP_ANALYSIS = YES;
				CLANG_WARN_STRICT_PROTOTYPES = YES;
				CLANG_WARN_SUSPICIOUS_MOVE = YES;
				CLANG_WARN_UNGUARDED_AVAILABILITY = YES_AGGRESSIVE;
				CLANG_WARN_UNREACHABLE_CODE = YES;
				CLANG_WARN__DUPLICATE_METHOD_MATCH = YES;
				COPY_PHASE_STRIP = NO;
				DEBUG_INFORMATION_FORMAT = dwarf;
				ENABLE_STRICT_OBJC_MSGSEND = YES;
				ENABLE_TESTABILITY = YES;
				ENABLE_USER_SCRIPT_SANDBOXING = YES;
				GCC_C_LANGUAGE_STANDARD = gnu17;
				GCC_DYNAMIC_NO_PIC = NO;
				GCC_NO_COMMON_BLOCKS = YES;
				GCC_OPTIMIZATION_LEVEL = 0;
				GCC_PREPROCESSOR_DEFINITIONS = (
					"DEBUG=1",
					"$(inherited)",
				);
				GCC_WARN_64_TO_32_BIT_CONVERSION = YES;
				GCC_WARN_ABOUT_RETURN_TYPE = YES_ERROR;
				GCC_WARN_UNDECLARED_SELECTOR = YES;
				GCC_WARN_UNINITIALIZED_AUTOS = YES_AGGRESSIVE;
				GCC_WARN_UNUSED_FUNCTION = YES;
				GCC_WARN_UNUSED_VARIABLE = YES;
				LOCALIZATION_PREFERS_STRING_CATALOGS = YES;
				MTL_ENABLE_DEBUG_INFO = INCLUDE_SOURCE;
				MTL_FAST_MATH = YES;
				ONLY_ACTIVE_ARCH = YES;
				SDKROOT = xros;
				SWIFT_ACTIVE_COMPILATION_CONDITIONS = "DEBUG $(inherited)";
				SWIFT_OPTIMIZATION_LEVEL = "-Onone";
				XROS_DEPLOYMENT_TARGET = 2.2;
			};
			name = Debug;
		};
		33BAE2682D899633005EEA83 /* Release */ = {
			isa = XCBuildConfiguration;
			buildSettings = {
				ALWAYS_SEARCH_USER_PATHS = NO;
				ASSETCATALOG_COMPILER_GENERATE_SWIFT_ASSET_SYMBOL_EXTENSIONS = YES;
				CLANG_ANALYZER_NONNULL = YES;
				CLANG_ANALYZER_NUMBER_OBJECT_CONVERSION = YES_AGGRESSIVE;
				CLANG_CXX_LANGUAGE_STANDARD = "gnu++20";
				CLANG_ENABLE_MODULES = YES;
				CLANG_ENABLE_OBJC_ARC = YES;
				CLANG_ENABLE_OBJC_WEAK = YES;
				CLANG_WARN_BLOCK_CAPTURE_AUTORELEASING = YES;
				CLANG_WARN_BOOL_CONVERSION = YES;
				CLANG_WARN_COMMA = YES;
				CLANG_WARN_CONSTANT_CONVERSION = YES;
				CLANG_WARN_DEPRECATED_OBJC_IMPLEMENTATIONS = YES;
				CLANG_WARN_DIRECT_OBJC_ISA_USAGE = YES_ERROR;
				CLANG_WARN_DOCUMENTATION_COMMENTS = YES;
				CLANG_WARN_EMPTY_BODY = YES;
				CLANG_WARN_ENUM_CONVERSION = YES;
				CLANG_WARN_INFINITE_RECURSION = YES;
				CLANG_WARN_INT_CONVERSION = YES;
				CLANG_WARN_NON_LITERAL_NULL_CONVERSION = YES;
				CLANG_WARN_OBJC_IMPLICIT_RETAIN_SELF = YES;
				CLANG_WARN_OBJC_LITERAL_CONVERSION = YES;
				CLANG_WARN_OBJC_ROOT_CLASS = YES_ERROR;
				CLANG_WARN_QUOTED_INCLUDE_IN_FRAMEWORK_HEADER = YES;
				CLANG_WARN_RANGE_LOOP_ANALYSIS = YES;
				CLANG_WARN_STRICT_PROTOTYPES = YES;
				CLANG_WARN_SUSPICIOUS_MOVE = YES;
				CLANG_WARN_UNGUARDED_AVAILABILITY = YES_AGGRESSIVE;
				CLANG_WARN_UNREACHABLE_CODE = YES;
				CLANG_WARN__DUPLICATE_METHOD_MATCH = YES;
				COPY_PHASE_STRIP = NO;
				DEBUG_INFORMATION_FORMAT = "dwarf-with-dsym";
				ENABLE_NS_ASSERTIONS = NO;
				ENABLE_STRICT_OBJC_MSGSEND = YES;
				ENABLE_USER_SCRIPT_SANDBOXING = YES;
				GCC_C_LANGUAGE_STANDARD = gnu17;
				GCC_NO_COMMON_BLOCKS = YES;
				GCC_WARN_64_TO_32_BIT_CONVERSION = YES;
				GCC_WARN_ABOUT_RETURN_TYPE = YES_ERROR;
				GCC_WARN_UNDECLARED_SELECTOR = YES;
				GCC_WARN_UNINITIALIZED_AUTOS = YES_AGGRESSIVE;
				GCC_WARN_UNUSED_FUNCTION = YES;
				GCC_WARN_UNUSED_VARIABLE = YES;
				LOCALIZATION_PREFERS_STRING_CATALOGS = YES;
				MTL_ENABLE_DEBUG_INFO = NO;
				MTL_FAST_MATH = YES;
				SDKROOT = xros;
				SWIFT_COMPILATION_MODE = wholemodule;
				VALIDATE_PRODUCT = YES;
				XROS_DEPLOYMENT_TARGET = 2.2;
			};
			name = Release;
		};
		33BAE26A2D899633005EEA83 /* Debug */ = {
			isa = XCBuildConfiguration;
			buildSettings = {
				BUNDLE_LOADER = "$(TEST_HOST)";
				CODE_SIGN_STYLE = Automatic;
				CURRENT_PROJECT_VERSION = 1;
				DEVELOPMENT_TEAM = H7SJ9FJPVA;
				GENERATE_INFOPLIST_FILE = YES;
				MARKETING_VERSION = 1.0;
				PRODUCT_BUNDLE_IDENTIFIER = "DB111Phonaze.Phonaze-v1-1Tests";
				PRODUCT_NAME = "$(TARGET_NAME)";
				SUPPORTED_PLATFORMS = "xros xrsimulator";
				SWIFT_EMIT_LOC_STRINGS = NO;
				SWIFT_VERSION = 5.0;
				TARGETED_DEVICE_FAMILY = 7;
				TEST_HOST = "$(BUILT_PRODUCTS_DIR)/Phonaze-v1.1.app/$(BUNDLE_EXECUTABLE_FOLDER_PATH)/Phonaze-v1.1";
				XROS_DEPLOYMENT_TARGET = 2.2;
			};
			name = Debug;
		};
		33BAE26B2D899633005EEA83 /* Release */ = {
			isa = XCBuildConfiguration;
			buildSettings = {
				BUNDLE_LOADER = "$(TEST_HOST)";
				CODE_SIGN_STYLE = Automatic;
				CURRENT_PROJECT_VERSION = 1;
				DEVELOPMENT_TEAM = H7SJ9FJPVA;
				GENERATE_INFOPLIST_FILE = YES;
				MARKETING_VERSION = 1.0;
				PRODUCT_BUNDLE_IDENTIFIER = "DB111Phonaze.Phonaze-v1-1Tests";
				PRODUCT_NAME = "$(TARGET_NAME)";
				SUPPORTED_PLATFORMS = "xros xrsimulator";
				SWIFT_EMIT_LOC_STRINGS = NO;
				SWIFT_VERSION = 5.0;
				TARGETED_DEVICE_FAMILY = 7;
				TEST_HOST = "$(BUILT_PRODUCTS_DIR)/Phonaze-v1.1.app/$(BUNDLE_EXECUTABLE_FOLDER_PATH)/Phonaze-v1.1";
				XROS_DEPLOYMENT_TARGET = 2.2;
			};
			name = Release;
		};
/* End XCBuildConfiguration section */

/* Begin XCConfigurationList section */
		33BAE2432D899632005EEA83 /* Build configuration list for PBXProject "Phonaze-v1.1" */ = {
			isa = XCConfigurationList;
			buildConfigurations = (
				33BAE2672D899633005EEA83 /* Debug */,
				33BAE2682D899633005EEA83 /* Release */,
			);
			defaultConfigurationIsVisible = 0;
			defaultConfigurationName = Release;
		};
		33BAE2642D899633005EEA83 /* Build configuration list for PBXNativeTarget "Phonaze-v1.1" */ = {
			isa = XCConfigurationList;
			buildConfigurations = (
				33BAE2652D899633005EEA83 /* Debug */,
				33BAE2662D899633005EEA83 /* Release */,
			);
			defaultConfigurationIsVisible = 0;
			defaultConfigurationName = Release;
		};
		33BAE2692D899633005EEA83 /* Build configuration list for PBXNativeTarget "Phonaze-v1.1Tests" */ = {
			isa = XCConfigurationList;
			buildConfigurations = (
				33BAE26A2D899633005EEA83 /* Debug */,
				33BAE26B2D899633005EEA83 /* Release */,
			);
			defaultConfigurationIsVisible = 0;
			defaultConfigurationName = Release;
		};
/* End XCConfigurationList section */

/* Begin XCSwiftPackageProductDependency section */
		33BAE24D2D899632005EEA83 /* RealityKitContent */ = {
			isa = XCSwiftPackageProductDependency;
			productName = RealityKitContent;
		};
/* End XCSwiftPackageProductDependency section */
	};
	rootObject = 33BAE2402D899632005EEA83 /* Project object */;
}
